
Microsoft Visual Studio Solution File, Format Version 12.00
# Visual Studio Version 17
VisualStudioVersion = 17.10.34928.147
MinimumVisualStudioVersion = 10.0.40219.1
Project("{FAE04EC0-301F-11D3-BF4B-00C04F79EFBC}") = "DataAccess", "DataAccess\DataAccess.csproj", "{4D93F117-37B4-4899-9DB2-F1457268F571}"
EndProject
Project("{FAE04EC0-301F-11D3-BF4B-00C04F79EFBC}") = "Business", "Business\Business.csproj", "{5FB736B3-BD33-4F75-94A7-8D399FB21607}"
EndProject
Project("{FAE04EC0-301F-11D3-BF4B-00C04F79EFBC}") = "Entities", "Entities\Entities.csproj", "{9F688538-1DCC-479F-BBC2-699EEF77A4EF}"
EndProject
Project("{FAE04EC0-301F-11D3-BF4B-00C04F79EFBC}") = "ConsoleUI", "ConsoleUI\ConsoleUI.csproj", "{7DBC213A-B885-4461-B8DA-91B47EBB97FE}"
EndProject
Global
	GlobalSection(SolutionConfigurationPlatforms) = preSolution
		Debug|Any CPU = Debug|Any CPU
		Release|Any CPU = Release|Any CPU
	EndGlobalSection
	GlobalSection(ProjectConfigurationPlatforms) = postSolution
		{4D93F117-37B4-4899-9DB2-F1457268F571}.Debug|Any CPU.ActiveCfg = Debug|Any CPU
		{4D93F117-37B4-4899-9DB2-F1457268F571}.Debug|Any CPU.Build.0 = Debug|Any CPU
		{4D93F117-37B4-4899-9DB2-F1457268F571}.Release|Any CPU.ActiveCfg = Release|Any CPU
		{4D93F117-37B4-4899-9DB2-F1457268F571}.Release|Any CPU.Build.0 = Release|Any CPU
		{5FB736B3-BD33-4F75-94A7-8D399FB21607}.Debug|Any CPU.ActiveCfg = Debug|Any CPU
		{5FB736B3-BD33-4F75-94A7-8D399FB21607}.Debug|Any CPU.Build.0 = Debug|Any CPU
		{5FB736B3-BD33-4F75-94A7-8D399FB21607}.Release|Any CPU.ActiveCfg = Release|Any CPU
		{5FB736B3-BD33-4F75-94A7-8D399FB21607}.Release|Any CPU.Build.0 = Release|Any CPU
		{9F688538-1DCC-479F-BBC2-699EEF77A4EF}.Debug|Any CPU.ActiveCfg = Debug|Any CPU
		{9F688538-1DCC-479F-BBC2-699EEF77A4EF}.Debug|Any CPU.Build.0 = Debug|Any CPU
		{9F688538-1DCC-479F-BBC2-699EEF77A4EF}.Release|Any CPU.ActiveCfg = Release|Any CPU
		{9F688538-1DCC-479F-BBC2-699EEF77A4EF}.Release|Any CPU.Build.0 = Release|Any CPU
		{7DBC213A-B885-4461-B8DA-91B47EBB97FE}.Debug|Any CPU.ActiveCfg = Debug|Any CPU
		{7DBC213A-B885-4461-B8DA-91B47EBB97FE}.Debug|Any CPU.Build.0 = Debug|Any CPU
		{7DBC213A-B885-4461-B8DA-91B47EBB97FE}.Release|Any CPU.ActiveCfg = Release|Any CPU
		{7DBC213A-B885-4461-B8DA-91B47EBB97FE}.Release|Any CPU.Build.0 = Release|Any CPU
	EndGlobalSection
	GlobalSection(SolutionProperties) = preSolution
		HideSolutionNode = FALSE
	EndGlobalSection
	GlobalSection(ExtensibilityGlobals) = postSolution
		SolutionGuid = {FA70CCFB-946A-49D5-8D74-D3847D66C654}
	EndGlobalSection
EndGlobal
